// !$*UTF8*$!
{
	archiveVersion = 1;
	classes = {
	};
	objectVersion = 46;
	objects = {

/* Begin PBXBuildFile section */
		21799A7C1EB9EC910045D736 /* AppDelegate.swift in Sources */ = {isa = PBXBuildFile; fileRef = 21799A7B1EB9EC910045D736 /* AppDelegate.swift */; };
		21799A7E1EB9EC910045D736 /* ViewController.swift in Sources */ = {isa = PBXBuildFile; fileRef = 21799A7D1EB9EC910045D736 /* ViewController.swift */; };
		21799A811EB9EC910045D736 /* Main.storyboard in Resources */ = {isa = PBXBuildFile; fileRef = 21799A7F1EB9EC910045D736 /* Main.storyboard */; };
		21799A841EB9EC910045D736 /* locationMonitoringSupportSystemSwift.xcdatamodeld in Sources */ = {isa = PBXBuildFile; fileRef = 21799A821EB9EC910045D736 /* locationMonitoringSupportSystemSwift.xcdatamodeld */; };
		21799A861EB9EC910045D736 /* Assets.xcassets in Resources */ = {isa = PBXBuildFile; fileRef = 21799A851EB9EC910045D736 /* Assets.xcassets */; };
		21799A891EB9EC910045D736 /* LaunchScreen.storyboard in Resources */ = {isa = PBXBuildFile; fileRef = 21799A871EB9EC910045D736 /* LaunchScreen.storyboard */; };
		21799A921EBA292E0045D736 /* ViewControllerAddNotes.swift in Sources */ = {isa = PBXBuildFile; fileRef = 21799A901EBA292E0045D736 /* ViewControllerAddNotes.swift */; };
		21799A931EBA292E0045D736 /* ViewControllerAddNotes.xib in Resources */ = {isa = PBXBuildFile; fileRef = 21799A911EBA292E0045D736 /* ViewControllerAddNotes.xib */; };
		21799A981EBB62A40045D736 /* shopping.png in Resources */ = {isa = PBXBuildFile; fileRef = 21799A941EBB62A40045D736 /* shopping.png */; };
		21799A991EBB62A40045D736 /* medicine.jpeg in Resources */ = {isa = PBXBuildFile; fileRef = 21799A951EBB62A40045D736 /* medicine.jpeg */; };
		21799A9A1EBB62A40045D736 /* people.png in Resources */ = {isa = PBXBuildFile; fileRef = 21799A961EBB62A40045D736 /* people.png */; };
		21799A9B1EBB62A40045D736 /* reservation.png in Resources */ = {isa = PBXBuildFile; fileRef = 21799A971EBB62A40045D736 /* reservation.png */; };
		21799A9D1EBB67150045D736 /* MyAnnotation.swift in Sources */ = {isa = PBXBuildFile; fileRef = 21799A9C1EBB67150045D736 /* MyAnnotation.swift */; };
		21799AA01EBB69670045D736 /* ViewControllerComment.swift in Sources */ = {isa = PBXBuildFile; fileRef = 21799A9E1EBB69670045D736 /* ViewControllerComment.swift */; };
		21799AA11EBB69670045D736 /* ViewControllerComment.xib in Resources */ = {isa = PBXBuildFile; fileRef = 21799A9F1EBB69670045D736 /* ViewControllerComment.xib */; };
		21DDCAFD1ECAD46F001DCB25 /* ContactsUI.framework in Frameworks */ = {isa = PBXBuildFile; fileRef = 21DDCAFC1ECAD46F001DCB25 /* ContactsUI.framework */; };
/* End PBXBuildFile section */

/* Begin PBXFileReference section */
		21799A781EB9EC910045D736 /* locationMonitoringSupportSystemSwift.app */ = {isa = PBXFileReference; explicitFileType = wrapper.application; includeInIndex = 0; path = locationMonitoringSupportSystemSwift.app; sourceTree = BUILT_PRODUCTS_DIR; };
		21799A7B1EB9EC910045D736 /* AppDelegate.swift */ = {isa = PBXFileReference; lastKnownFileType = sourcecode.swift; path = AppDelegate.swift; sourceTree = "<group>"; };
		21799A7D1EB9EC910045D736 /* ViewController.swift */ = {isa = PBXFileReference; lastKnownFileType = sourcecode.swift; path = ViewController.swift; sourceTree = "<group>"; };
		21799A801EB9EC910045D736 /* Base */ = {isa = PBXFileReference; lastKnownFileType = file.storyboard; name = Base; path = Base.lproj/Main.storyboard; sourceTree = "<group>"; };
		21799A831EB9EC910045D736 /* locationMonitoringSupportSystemSwift.xcdatamodel */ = {isa = PBXFileReference; lastKnownFileType = wrapper.xcdatamodel; path = locationMonitoringSupportSystemSwift.xcdatamodel; sourceTree = "<group>"; };
		21799A851EB9EC910045D736 /* Assets.xcassets */ = {isa = PBXFileReference; lastKnownFileType = folder.assetcatalog; path = Assets.xcassets; sourceTree = "<group>"; };
		21799A881EB9EC910045D736 /* Base */ = {isa = PBXFileReference; lastKnownFileType = file.storyboard; name = Base; path = Base.lproj/LaunchScreen.storyboard; sourceTree = "<group>"; };
		21799A8A1EB9EC910045D736 /* Info.plist */ = {isa = PBXFileReference; lastKnownFileType = text.plist.xml; path = Info.plist; sourceTree = "<group>"; };
		21799A901EBA292E0045D736 /* ViewControllerAddNotes.swift */ = {isa = PBXFileReference; fileEncoding = 4; lastKnownFileType = sourcecode.swift; name = ViewControllerAddNotes.swift; path = ../ViewControllerAddNotes.swift; sourceTree = "<group>"; };
		21799A911EBA292E0045D736 /* ViewControllerAddNotes.xib */ = {isa = PBXFileReference; fileEncoding = 4; lastKnownFileType = file.xib; name = ViewControllerAddNotes.xib; path = ../ViewControllerAddNotes.xib; sourceTree = "<group>"; };
		21799A941EBB62A40045D736 /* shopping.png */ = {isa = PBXFileReference; lastKnownFileType = image.png; path = shopping.png; sourceTree = "<group>"; };
		21799A951EBB62A40045D736 /* medicine.jpeg */ = {isa = PBXFileReference; lastKnownFileType = image.jpeg; path = medicine.jpeg; sourceTree = "<group>"; };
		21799A961EBB62A40045D736 /* people.png */ = {isa = PBXFileReference; lastKnownFileType = image.png; path = people.png; sourceTree = "<group>"; };
		21799A971EBB62A40045D736 /* reservation.png */ = {isa = PBXFileReference; lastKnownFileType = image.png; path = reservation.png; sourceTree = "<group>"; };
		21799A9C1EBB67150045D736 /* MyAnnotation.swift */ = {isa = PBXFileReference; fileEncoding = 4; lastKnownFileType = sourcecode.swift; name = MyAnnotation.swift; path = ../MyAnnotation.swift; sourceTree = "<group>"; };
		21799A9E1EBB69670045D736 /* ViewControllerComment.swift */ = {isa = PBXFileReference; fileEncoding = 4; lastKnownFileType = sourcecode.swift; path = ViewControllerComment.swift; sourceTree = "<group>"; };
		21799A9F1EBB69670045D736 /* ViewControllerComment.xib */ = {isa = PBXFileReference; fileEncoding = 4; lastKnownFileType = file.xib; path = ViewControllerComment.xib; sourceTree = "<group>"; };
		21DDCAFC1ECAD46F001DCB25 /* ContactsUI.framework */ = {isa = PBXFileReference; lastKnownFileType = wrapper.framework; name = ContactsUI.framework; path = System/Library/Frameworks/ContactsUI.framework; sourceTree = SDKROOT; };
/* End PBXFileReference section */

/* Begin PBXFrameworksBuildPhase section */
		21799A751EB9EC910045D736 /* Frameworks */ = {
			isa = PBXFrameworksBuildPhase;
			buildActionMask = 2147483647;
			files = (
				21DDCAFD1ECAD46F001DCB25 /* ContactsUI.framework in Frameworks */,
			);
			runOnlyForDeploymentPostprocessing = 0;
		};
/* End PBXFrameworksBuildPhase section */

/* Begin PBXGroup section */
		21799A6F1EB9EC910045D736 = {
			isa = PBXGroup;
			children = (
				21799A7A1EB9EC910045D736 /* locationMonitoringSupportSystemSwift */,
				21799A791EB9EC910045D736 /* Products */,
				21799A941EBB62A40045D736 /* shopping.png */,
				21799A951EBB62A40045D736 /* medicine.jpeg */,
				21799A961EBB62A40045D736 /* people.png */,
				21799A971EBB62A40045D736 /* reservation.png */,
				21DDCAFB1ECAD46F001DCB25 /* Frameworks */,
			);
			sourceTree = "<group>";
		};
		21799A791EB9EC910045D736 /* Products */ = {
			isa = PBXGroup;
			children = (
				21799A781EB9EC910045D736 /* locationMonitoringSupportSystemSwift.app */,
			);
			name = Products;
			sourceTree = "<group>";
		};
		21799A7A1EB9EC910045D736 /* locationMonitoringSupportSystemSwift */ = {
			isa = PBXGroup;
			children = (
				21799A7B1EB9EC910045D736 /* AppDelegate.swift */,
				21799A7D1EB9EC910045D736 /* ViewController.swift */,
				21799A7F1EB9EC910045D736 /* Main.storyboard */,
				21799A901EBA292E0045D736 /* ViewControllerAddNotes.swift */,
				21799A911EBA292E0045D736 /* ViewControllerAddNotes.xib */,
				21799A9E1EBB69670045D736 /* ViewControllerComment.swift */,
				21799A9F1EBB69670045D736 /* ViewControllerComment.xib */,
				21799A9C1EBB67150045D736 /* MyAnnotation.swift */,
				21799A851EB9EC910045D736 /* Assets.xcassets */,
				21799A871EB9EC910045D736 /* LaunchScreen.storyboard */,
				21799A8A1EB9EC910045D736 /* Info.plist */,
				21799A821EB9EC910045D736 /* locationMonitoringSupportSystemSwift.xcdatamodeld */,
			);
			path = locationMonitoringSupportSystemSwift;
			sourceTree = "<group>";
		};
		21DDCAFB1ECAD46F001DCB25 /* Frameworks */ = {
			isa = PBXGroup;
			children = (
				21DDCAFC1ECAD46F001DCB25 /* ContactsUI.framework */,
			);
			name = Frameworks;
			sourceTree = "<group>";
		};
/* End PBXGroup section */

/* Begin PBXNativeTarget section */
		21799A771EB9EC910045D736 /* locationMonitoringSupportSystemSwift */ = {
			isa = PBXNativeTarget;
			buildConfigurationList = 21799A8D1EB9EC910045D736 /* Build configuration list for PBXNativeTarget "locationMonitoringSupportSystemSwift" */;
			buildPhases = (
				21799A741EB9EC910045D736 /* Sources */,
				21799A751EB9EC910045D736 /* Frameworks */,
				21799A761EB9EC910045D736 /* Resources */,
			);
			buildRules = (
			);
			dependencies = (
			);
			name = locationMonitoringSupportSystemSwift;
			productName = locationMonitoringSupportSystemSwift;
			productReference = 21799A781EB9EC910045D736 /* locationMonitoringSupportSystemSwift.app */;
			productType = "com.apple.product-type.application";
		};
/* End PBXNativeTarget section */

/* Begin PBXProject section */
		21799A701EB9EC910045D736 /* Project object */ = {
			isa = PBXProject;
			attributes = {
				LastSwiftUpdateCheck = 0820;
				LastUpgradeCheck = 0820;
				ORGANIZATIONNAME = "Kubota Naoyuki";
				TargetAttributes = {
					21799A771EB9EC910045D736 = {
						CreatedOnToolsVersion = 8.2.1;
						DevelopmentTeam = 7D6WNE6T6R;
						ProvisioningStyle = Automatic;
					};
				};
			};
			buildConfigurationList = 21799A731EB9EC910045D736 /* Build configuration list for PBXProject "locationMonitoringSupportSystemSwift" */;
			compatibilityVersion = "Xcode 3.2";
			developmentRegion = English;
			hasScannedForEncodings = 0;
			knownRegions = (
				en,
				Base,
			);
			mainGroup = 21799A6F1EB9EC910045D736;
			productRefGroup = 21799A791EB9EC910045D736 /* Products */;
			projectDirPath = "";
			projectRoot = "";
			targets = (
				21799A771EB9EC910045D736 /* locationMonitoringSupportSystemSwift */,
			);
		};
/* End PBXProject section */

/* Begin PBXResourcesBuildPhase section */
		21799A761EB9EC910045D736 /* Resources */ = {
			isa = PBXResourcesBuildPhase;
			buildActionMask = 2147483647;
			files = (
				21799A9A1EBB62A40045D736 /* people.png in Resources */,
				21799A931EBA292E0045D736 /* ViewControllerAddNotes.xib in Resources */,
				21799A991EBB62A40045D736 /* medicine.jpeg in Resources */,
				21799A891EB9EC910045D736 /* LaunchScreen.storyboard in Resources */,
				21799A9B1EBB62A40045D736 /* reservation.png in Resources */,
				21799A861EB9EC910045D736 /* Assets.xcassets in Resources */,
				21799AA11EBB69670045D736 /* ViewControllerComment.xib in Resources */,
				21799A981EBB62A40045D736 /* shopping.png in Resources */,
				21799A811EB9EC910045D736 /* Main.storyboard in Resources */,
			);
			runOnlyForDeploymentPostprocessing = 0;
		};
/* End PBXResourcesBuildPhase section */

/* Begin PBXSourcesBuildPhase section */
		21799A741EB9EC910045D736 /* Sources */ = {
			isa = PBXSourcesBuildPhase;
			buildActionMask = 2147483647;
			files = (
				21799A921EBA292E0045D736 /* ViewControllerAddNotes.swift in Sources */,
				21799A7E1EB9EC910045D736 /* ViewController.swift in Sources */,
				21799AA01EBB69670045D736 /* ViewControllerComment.swift in Sources */,
				21799A9D1EBB67150045D736 /* MyAnnotation.swift in Sources */,
				21799A7C1EB9EC910045D736 /* AppDelegate.swift in Sources */,
				21799A841EB9EC910045D736 /* locationMonitoringSupportSystemSwift.xcdatamodeld in Sources */,
			);
			runOnlyForDeploymentPostprocessing = 0;
		};
/* End PBXSourcesBuildPhase section */

/* Begin PBXVariantGroup section */
		21799A7F1EB9EC910045D736 /* Main.storyboard */ = {
			isa = PBXVariantGroup;
			children = (
				21799A801EB9EC910045D736 /* Base */,
			);
			name = Main.storyboard;
			sourceTree = "<group>";
		};
		21799A871EB9EC910045D736 /* LaunchScreen.storyboard */ = {
			isa = PBXVariantGroup;
			children = (
				21799A881EB9EC910045D736 /* Base */,
			);
			name = LaunchScreen.storyboard;
			sourceTree = "<group>";
		};
/* End PBXVariantGroup section */

/* Begin XCBuildConfiguration section */
		21799A8B1EB9EC910045D736 /* Debug */ = {
			isa = XCBuildConfiguration;
			buildSettings = {
				ALWAYS_SEARCH_USER_PATHS = NO;
				CLANG_ANALYZER_NONNULL = YES;
				CLANG_CXX_LANGUAGE_STANDARD = "gnu++0x";
				CLANG_CXX_LIBRARY = "libc++";
				CLANG_ENABLE_MODULES = YES;
				CLANG_ENABLE_OBJC_ARC = YES;
				CLANG_WARN_BOOL_CONVERSION = YES;
				CLANG_WARN_CONSTANT_CONVERSION = YES;
				CLANG_WARN_DIRECT_OBJC_ISA_USAGE = YES_ERROR;
				CLANG_WARN_DOCUMENTATION_COMMENTS = YES;
				CLANG_WARN_EMPTY_BODY = YES;
				CLANG_WARN_ENUM_CONVERSION = YES;
				CLANG_WARN_INFINITE_RECURSION = YES;
				CLANG_WARN_INT_CONVERSION = YES;
				CLANG_WARN_OBJC_ROOT_CLASS = YES_ERROR;
				CLANG_WARN_SUSPICIOUS_MOVE = YES;
				CLANG_WARN_UNREACHABLE_CODE = YES;
				CLANG_WARN__DUPLICATE_METHOD_MATCH = YES;
				"CODE_SIGN_IDENTITY[sdk=iphoneos*]" = "iPhone Developer";
				COPY_PHASE_STRIP = NO;
				DEBUG_INFORMATION_FORMAT = dwarf;
				ENABLE_STRICT_OBJC_MSGSEND = YES;
				ENABLE_TESTABILITY = YES;
				GCC_C_LANGUAGE_STANDARD = gnu99;
				GCC_DYNAMIC_NO_PIC = NO;
				GCC_NO_COMMON_BLOCKS = YES;
				GCC_OPTIMIZATION_LEVEL = 0;
				GCC_PREPROCESSOR_DEFINITIONS = (
					"DEBUG=1",
					"$(inherited)",
				);
				GCC_WARN_64_TO_32_BIT_CONVERSION = YES;
				GCC_WARN_ABOUT_RETURN_TYPE = YES_ERROR;
				GCC_WARN_UNDECLARED_SELECTOR = YES;
				GCC_WARN_UNINITIALIZED_AUTOS = YES_AGGRESSIVE;
				GCC_WARN_UNUSED_FUNCTION = YES;
				GCC_WARN_UNUSED_VARIABLE = YES;
				IPHONEOS_DEPLOYMENT_TARGET = 10.2;
				MTL_ENABLE_DEBUG_INFO = YES;
				ONLY_ACTIVE_ARCH = YES;
				SDKROOT = iphoneos;
				SWIFT_ACTIVE_COMPILATION_CONDITIONS = DEBUG;
				SWIFT_OPTIMIZATION_LEVEL = "-Onone";
			};
			name = Debug;
		};
		21799A8C1EB9EC910045D736 /* Release */ = {
			isa = XCBuildConfiguration;
			buildSettings = {
				ALWAYS_SEARCH_USER_PATHS = NO;
				CLANG_ANALYZER_NONNULL = YES;
				CLANG_CXX_LANGUAGE_STANDARD = "gnu++0x";
				CLANG_CXX_LIBRARY = "libc++";
				CLANG_ENABLE_MODULES = YES;
				CLANG_ENABLE_OBJC_ARC = YES;
				CLANG_WARN_BOOL_CONVERSION = YES;
				CLANG_WARN_CONSTANT_CONVERSION = YES;
				CLANG_WARN_DIRECT_OBJC_ISA_USAGE = YES_ERROR;
				CLANG_WARN_DOCUMENTATION_COMMENTS = YES;
				CLANG_WARN_EMPTY_BODY = YES;
				CLANG_WARN_ENUM_CONVERSION = YES;
				CLANG_WARN_INFINITE_RECURSION = YES;
				CLANG_WARN_INT_CONVERSION = YES;
				CLANG_WARN_OBJC_ROOT_CLASS = YES_ERROR;
				CLANG_WARN_SUSPICIOUS_MOVE = YES;
				CLANG_WARN_UNREACHABLE_CODE = YES;
				CLANG_WARN__DUPLICATE_METHOD_MATCH = YES;
				"CODE_SIGN_IDENTITY[sdk=iphoneos*]" = "iPhone Developer";
				COPY_PHASE_STRIP = NO;
				DEBUG_INFORMATION_FORMAT = "dwarf-with-dsym";
				ENABLE_NS_ASSERTIONS = NO;
				ENABLE_STRICT_OBJC_MSGSEND = YES;
				GCC_C_LANGUAGE_STANDARD = gnu99;
				GCC_NO_COMMON_BLOCKS = YES;
				GCC_WARN_64_TO_32_BIT_CONVERSION = YES;
				GCC_WARN_ABOUT_RETURN_TYPE = YES_ERROR;
				GCC_WARN_UNDECLARED_SELECTOR = YES;
				GCC_WARN_UNINITIALIZED_AUTOS = YES_AGGRESSIVE;
				GCC_WARN_UNUSED_FUNCTION = YES;
				GCC_WARN_UNUSED_VARIABLE = YES;
				IPHONEOS_DEPLOYMENT_TARGET = 10.2;
				MTL_ENABLE_DEBUG_INFO = NO;
				SDKROOT = iphoneos;
				SWIFT_OPTIMIZATION_LEVEL = "-Owholemodule";
				VALIDATE_PRODUCT = YES;
			};
			name = Release;
		};
		21799A8E1EB9EC910045D736 /* Debug */ = {
			isa = XCBuildConfiguration;
			buildSettings = {
				ASSETCATALOG_COMPILER_APPICON_NAME = AppIcon;
				DEVELOPMENT_TEAM = 7D6WNE6T6R;
				INFOPLIST_FILE = locationMonitoringSupportSystemSwift/Info.plist;
				LD_RUNPATH_SEARCH_PATHS = "$(inherited) @executable_path/Frameworks";
				PRODUCT_BUNDLE_IDENTIFIER = KubotaLabor.locationMonitoringSupportSystemSwift;
				PRODUCT_NAME = "$(TARGET_NAME)";
				SWIFT_VERSION = 3.0;
			};
			name = Debug;
		};
		21799A8F1EB9EC910045D736 /* Release */ = {
			isa = XCBuildConfiguration;
			buildSettings = {
				ASSETCATALOG_COMPILER_APPICON_NAME = AppIcon;
				DEVELOPMENT_TEAM = 7D6WNE6T6R;
				INFOPLIST_FILE = locationMonitoringSupportSystemSwift/Info.plist;
				LD_RUNPATH_SEARCH_PATHS = "$(inherited) @executable_path/Frameworks";
				PRODUCT_BUNDLE_IDENTIFIER = KubotaLabor.locationMonitoringSupportSystemSwift;
				PRODUCT_NAME = "$(TARGET_NAME)";
				SWIFT_VERSION = 3.0;
			};
			name = Release;
		};
/* End XCBuildConfiguration section */

/* Begin XCConfigurationList section */
		21799A731EB9EC910045D736 /* Build configuration list for PBXProject "locationMonitoringSupportSystemSwift" */ = {
			isa = XCConfigurationList;
			buildConfigurations = (
				21799A8B1EB9EC910045D736 /* Debug */,
				21799A8C1EB9EC910045D736 /* Release */,
			);
			defaultConfigurationIsVisible = 0;
			defaultConfigurationName = Release;
		};
		21799A8D1EB9EC910045D736 /* Build configuration list for PBXNativeTarget "locationMonitoringSupportSystemSwift" */ = {
			isa = XCConfigurationList;
			buildConfigurations = (
				21799A8E1EB9EC910045D736 /* Debug */,
				21799A8F1EB9EC910045D736 /* Release */,
			);
			defaultConfigurationIsVisible = 0;
			defaultConfigurationName = Release;
		};
/* End XCConfigurationList section */

/* Begin XCVersionGroup section */
		21799A821EB9EC910045D736 /* locationMonitoringSupportSystemSwift.xcdatamodeld */ = {
			isa = XCVersionGroup;
			children = (
				21799A831EB9EC910045D736 /* locationMonitoringSupportSystemSwift.xcdatamodel */,
			);
			currentVersion = 21799A831EB9EC910045D736 /* locationMonitoringSupportSystemSwift.xcdatamodel */;
			path = locationMonitoringSupportSystemSwift.xcdatamodeld;
			sourceTree = "<group>";
			versionGroupType = wrapper.xcdatamodel;
		};
/* End XCVersionGroup section */
	};
	rootObject = 21799A701EB9EC910045D736 /* Project object */;
}
